
Microsoft Visual Studio Solution File, Format Version 12.00
# Visual Studio 15
VisualStudioVersion = 15.0.27428.2005
MinimumVisualStudioVersion = 10.0.40219.1
Project("{FAE04EC0-301F-11D3-BF4B-00C04F79EFBC}") = "calculator", "calculator.csproj", "{F2EEF00B-E855-4FDC-8CE3-251FE348BA7D}"
EndProject
Global
	GlobalSection(SolutionConfigurationPlatforms) = preSolution
		Debug|Any CPU = Debug|Any CPU
		Release|Any CPU = Release|Any CPU
	EndGlobalSection
	GlobalSection(ProjectConfigurationPlatforms) = postSolution
		{F2EEF00B-E855-4FDC-8CE3-251FE348BA7D}.Debug|Any CPU.ActiveCfg = Debug|Any CPU
		{F2EEF00B-E855-4FDC-8CE3-251FE348BA7D}.Debug|Any CPU.Build.0 = Debug|Any CPU
		{F2EEF00B-E855-4FDC-8CE3-251FE348BA7D}.Release|Any CPU.ActiveCfg = Release|Any CPU
		{F2EEF00B-E855-4FDC-8CE3-251FE348BA7D}.Release|Any CPU.Build.0 = Release|Any CPU
	EndGlobalSection
	GlobalSection(SolutionProperties) = preSolution
		HideSolutionNode = FALSE
	EndGlobalSection
	GlobalSection(ExtensibilityGlobals) = postSolution
		SolutionGuid = {6CA7B7AC-4D27-4E38-9603-36D34C2CCC75}
	EndGlobalSection
EndGlobal
